// !$*UTF8*$!
{
	archiveVersion = 1;
	classes = {
	};
	objectVersion = 55;
	objects = {

/* Begin PBXBuildFile section */
		2D712BC98E932B6B31AA6879 /* Pods_FoursquareClone.framework in Frameworks */ = {isa = PBXBuildFile; fileRef = 6CEB19DFAE6402DFC442BE53 /* Pods_FoursquareClone.framework */; };
		B865303227BFF4AB00A51BCF /* PlaceModel.swift in Sources */ = {isa = PBXBuildFile; fileRef = B865303127BFF4AB00A51BCF /* PlaceModel.swift */; };
		B8BC9BC627BD317900D1FF2D /* AppDelegate.swift in Sources */ = {isa = PBXBuildFile; fileRef = B8BC9BC527BD317900D1FF2D /* AppDelegate.swift */; };
		B8BC9BC827BD317900D1FF2D /* SceneDelegate.swift in Sources */ = {isa = PBXBuildFile; fileRef = B8BC9BC727BD317900D1FF2D /* SceneDelegate.swift */; };
		B8BC9BCA27BD317900D1FF2D /* ViewController.swift in Sources */ = {isa = PBXBuildFile; fileRef = B8BC9BC927BD317900D1FF2D /* ViewController.swift */; };
		B8BC9BCD27BD317900D1FF2D /* Main.storyboard in Resources */ = {isa = PBXBuildFile; fileRef = B8BC9BCB27BD317900D1FF2D /* Main.storyboard */; };
		B8BC9BCF27BD317B00D1FF2D /* Assets.xcassets in Resources */ = {isa = PBXBuildFile; fileRef = B8BC9BCE27BD317B00D1FF2D /* Assets.xcassets */; };
		B8BC9BD227BD317B00D1FF2D /* LaunchScreen.storyboard in Resources */ = {isa = PBXBuildFile; fileRef = B8BC9BD027BD317B00D1FF2D /* LaunchScreen.storyboard */; };
		B8BC9BDA27BD405800D1FF2D /* GoogleService-Info.plist in Resources */ = {isa = PBXBuildFile; fileRef = B8BC9BD927BD405800D1FF2D /* GoogleService-Info.plist */; };
		B8BC9BFC27BDB11F00D1FF2D /* ListViewController.swift in Sources */ = {isa = PBXBuildFile; fileRef = B8BC9BFB27BDB11F00D1FF2D /* ListViewController.swift */; };
		B8BC9BFE27BE2FD500D1FF2D /* AddPlaceViewController.swift in Sources */ = {isa = PBXBuildFile; fileRef = B8BC9BFD27BE2FD500D1FF2D /* AddPlaceViewController.swift */; };
		B8BC9C0027BE305400D1FF2D /* MapViewController.swift in Sources */ = {isa = PBXBuildFile; fileRef = B8BC9BFF27BE305400D1FF2D /* MapViewController.swift */; };
		B8DA875227C01446004C641A /* ListDetailsVC.swift in Sources */ = {isa = PBXBuildFile; fileRef = B8DA875127C01446004C641A /* ListDetailsVC.swift */; };
/* End PBXBuildFile section */

/* Begin PBXFileReference section */
		6CEB19DFAE6402DFC442BE53 /* Pods_FoursquareClone.framework */ = {isa = PBXFileReference; explicitFileType = wrapper.framework; includeInIndex = 0; path = Pods_FoursquareClone.framework; sourceTree = BUILT_PRODUCTS_DIR; };
		8DC3C5A672CCD7D967E0FF9C /* Pods-FoursquareClone.debug.xcconfig */ = {isa = PBXFileReference; includeInIndex = 1; lastKnownFileType = text.xcconfig; name = "Pods-FoursquareClone.debug.xcconfig"; path = "Target Support Files/Pods-FoursquareClone/Pods-FoursquareClone.debug.xcconfig"; sourceTree = "<group>"; };
		B865303127BFF4AB00A51BCF /* PlaceModel.swift */ = {isa = PBXFileReference; lastKnownFileType = sourcecode.swift; path = PlaceModel.swift; sourceTree = "<group>"; };
		B8BC9BC227BD317900D1FF2D /* FoursquareClone.app */ = {isa = PBXFileReference; explicitFileType = wrapper.application; includeInIndex = 0; path = FoursquareClone.app; sourceTree = BUILT_PRODUCTS_DIR; };
		B8BC9BC527BD317900D1FF2D /* AppDelegate.swift */ = {isa = PBXFileReference; lastKnownFileType = sourcecode.swift; path = AppDelegate.swift; sourceTree = "<group>"; };
		B8BC9BC727BD317900D1FF2D /* SceneDelegate.swift */ = {isa = PBXFileReference; lastKnownFileType = sourcecode.swift; path = SceneDelegate.swift; sourceTree = "<group>"; };
		B8BC9BC927BD317900D1FF2D /* ViewController.swift */ = {isa = PBXFileReference; lastKnownFileType = sourcecode.swift; path = ViewController.swift; sourceTree = "<group>"; };
		B8BC9BCC27BD317900D1FF2D /* Base */ = {isa = PBXFileReference; lastKnownFileType = file.storyboard; name = Base; path = Base.lproj/Main.storyboard; sourceTree = "<group>"; };
		B8BC9BCE27BD317B00D1FF2D /* Assets.xcassets */ = {isa = PBXFileReference; lastKnownFileType = folder.assetcatalog; path = Assets.xcassets; sourceTree = "<group>"; };
		B8BC9BD127BD317B00D1FF2D /* Base */ = {isa = PBXFileReference; lastKnownFileType = file.storyboard; name = Base; path = Base.lproj/LaunchScreen.storyboard; sourceTree = "<group>"; };
		B8BC9BD327BD317B00D1FF2D /* Info.plist */ = {isa = PBXFileReference; lastKnownFileType = text.plist.xml; path = Info.plist; sourceTree = "<group>"; };
		B8BC9BD927BD405800D1FF2D /* GoogleService-Info.plist */ = {isa = PBXFileReference; fileEncoding = 4; lastKnownFileType = text.plist.xml; path = "GoogleService-Info.plist"; sourceTree = "<group>"; };
		B8BC9BFB27BDB11F00D1FF2D /* ListViewController.swift */ = {isa = PBXFileReference; lastKnownFileType = sourcecode.swift; path = ListViewController.swift; sourceTree = "<group>"; };
		B8BC9BFD27BE2FD500D1FF2D /* AddPlaceViewController.swift */ = {isa = PBXFileReference; lastKnownFileType = sourcecode.swift; path = AddPlaceViewController.swift; sourceTree = "<group>"; };
		B8BC9BFF27BE305400D1FF2D /* MapViewController.swift */ = {isa = PBXFileReference; lastKnownFileType = sourcecode.swift; path = MapViewController.swift; sourceTree = "<group>"; };
		B8DA875127C01446004C641A /* ListDetailsVC.swift */ = {isa = PBXFileReference; lastKnownFileType = sourcecode.swift; path = ListDetailsVC.swift; sourceTree = "<group>"; };
		C73B0F3CB64681A1B0D5A433 /* Pods-FoursquareClone.release.xcconfig */ = {isa = PBXFileReference; includeInIndex = 1; lastKnownFileType = text.xcconfig; name = "Pods-FoursquareClone.release.xcconfig"; path = "Target Support Files/Pods-FoursquareClone/Pods-FoursquareClone.release.xcconfig"; sourceTree = "<group>"; };
/* End PBXFileReference section */

/* Begin PBXFrameworksBuildPhase section */
		B8BC9BBF27BD317900D1FF2D /* Frameworks */ = {
			isa = PBXFrameworksBuildPhase;
			buildActionMask = 2147483647;
			files = (
				2D712BC98E932B6B31AA6879 /* Pods_FoursquareClone.framework in Frameworks */,
			);
			runOnlyForDeploymentPostprocessing = 0;
		};
/* End PBXFrameworksBuildPhase section */

/* Begin PBXGroup section */
		1CBE8D1947219A022E73B99B /* Frameworks */ = {
			isa = PBXGroup;
			children = (
				6CEB19DFAE6402DFC442BE53 /* Pods_FoursquareClone.framework */,
			);
			name = Frameworks;
			sourceTree = "<group>";
		};
		B4D80F7B9BBF34FB12A7B95C /* Pods */ = {
			isa = PBXGroup;
			children = (
				8DC3C5A672CCD7D967E0FF9C /* Pods-FoursquareClone.debug.xcconfig */,
				C73B0F3CB64681A1B0D5A433 /* Pods-FoursquareClone.release.xcconfig */,
			);
			path = Pods;
			sourceTree = "<group>";
		};
		B8BC9BB927BD317900D1FF2D = {
			isa = PBXGroup;
			children = (
				B8BC9BC427BD317900D1FF2D /* FoursquareClone */,
				B8BC9BC327BD317900D1FF2D /* Products */,
				B4D80F7B9BBF34FB12A7B95C /* Pods */,
				1CBE8D1947219A022E73B99B /* Frameworks */,
			);
			sourceTree = "<group>";
		};
		B8BC9BC327BD317900D1FF2D /* Products */ = {
			isa = PBXGroup;
			children = (
				B8BC9BC227BD317900D1FF2D /* FoursquareClone.app */,
			);
			name = Products;
			sourceTree = "<group>";
		};
		B8BC9BC427BD317900D1FF2D /* FoursquareClone */ = {
			isa = PBXGroup;
			children = (
				B8BC9BC527BD317900D1FF2D /* AppDelegate.swift */,
				B8BC9BC727BD317900D1FF2D /* SceneDelegate.swift */,
				B8BC9BC927BD317900D1FF2D /* ViewController.swift */,
				B8BC9BFB27BDB11F00D1FF2D /* ListViewController.swift */,
				B8BC9BFD27BE2FD500D1FF2D /* AddPlaceViewController.swift */,
				B8BC9BFF27BE305400D1FF2D /* MapViewController.swift */,
				B865303127BFF4AB00A51BCF /* PlaceModel.swift */,
				B8DA875127C01446004C641A /* ListDetailsVC.swift */,
				B8BC9BCB27BD317900D1FF2D /* Main.storyboard */,
				B8BC9BCE27BD317B00D1FF2D /* Assets.xcassets */,
				B8BC9BD027BD317B00D1FF2D /* LaunchScreen.storyboard */,
				B8BC9BD327BD317B00D1FF2D /* Info.plist */,
				B8BC9BD927BD405800D1FF2D /* GoogleService-Info.plist */,
			);
			path = FoursquareClone;
			sourceTree = "<group>";
		};
/* End PBXGroup section */

/* Begin PBXNativeTarget section */
		B8BC9BC127BD317900D1FF2D /* FoursquareClone */ = {
			isa = PBXNativeTarget;
			buildConfigurationList = B8BC9BD627BD317B00D1FF2D /* Build configuration list for PBXNativeTarget "FoursquareClone" */;
			buildPhases = (
				562945CEC3356B84676CBA78 /* [CP] Check Pods Manifest.lock */,
				B8BC9BBE27BD317900D1FF2D /* Sources */,
				B8BC9BBF27BD317900D1FF2D /* Frameworks */,
				B8BC9BC027BD317900D1FF2D /* Resources */,
				0F853D418FCAB8E71B629C86 /* [CP] Embed Pods Frameworks */,
			);
			buildRules = (
			);
			dependencies = (
			);
			name = FoursquareClone;
			productName = FoursquareClone;
			productReference = B8BC9BC227BD317900D1FF2D /* FoursquareClone.app */;
			productType = "com.apple.product-type.application";
		};
/* End PBXNativeTarget section */

/* Begin PBXProject section */
		B8BC9BBA27BD317900D1FF2D /* Project object */ = {
			isa = PBXProject;
			attributes = {
				BuildIndependentTargetsInParallel = 1;
				LastSwiftUpdateCheck = 1320;
				LastUpgradeCheck = 1320;
				TargetAttributes = {
					B8BC9BC127BD317900D1FF2D = {
						CreatedOnToolsVersion = 13.2.1;
					};
				};
			};
			buildConfigurationList = B8BC9BBD27BD317900D1FF2D /* Build configuration list for PBXProject "FoursquareClone" */;
			compatibilityVersion = "Xcode 13.0";
			developmentRegion = en;
			hasScannedForEncodings = 0;
			knownRegions = (
				en,
				Base,
			);
			mainGroup = B8BC9BB927BD317900D1FF2D;
			productRefGroup = B8BC9BC327BD317900D1FF2D /* Products */;
			projectDirPath = "";
			projectRoot = "";
			targets = (
				B8BC9BC127BD317900D1FF2D /* FoursquareClone */,
			);
		};
/* End PBXProject section */

/* Begin PBXResourcesBuildPhase section */
		B8BC9BC027BD317900D1FF2D /* Resources */ = {
			isa = PBXResourcesBuildPhase;
			buildActionMask = 2147483647;
			files = (
				B8BC9BD227BD317B00D1FF2D /* LaunchScreen.storyboard in Resources */,
				B8BC9BCF27BD317B00D1FF2D /* Assets.xcassets in Resources */,
				B8BC9BCD27BD317900D1FF2D /* Main.storyboard in Resources */,
				B8BC9BDA27BD405800D1FF2D /* GoogleService-Info.plist in Resources */,
			);
			runOnlyForDeploymentPostprocessing = 0;
		};
/* End PBXResourcesBuildPhase section */

/* Begin PBXShellScriptBuildPhase section */
		0F853D418FCAB8E71B629C86 /* [CP] Embed Pods Frameworks */ = {
			isa = PBXShellScriptBuildPhase;
			buildActionMask = 2147483647;
			files = (
			);
			inputFileListPaths = (
				"${PODS_ROOT}/Target Support Files/Pods-FoursquareClone/Pods-FoursquareClone-frameworks-${CONFIGURATION}-input-files.xcfilelist",
			);
			name = "[CP] Embed Pods Frameworks";
			outputFileListPaths = (
				"${PODS_ROOT}/Target Support Files/Pods-FoursquareClone/Pods-FoursquareClone-frameworks-${CONFIGURATION}-output-files.xcfilelist",
			);
			runOnlyForDeploymentPostprocessing = 0;
			shellPath = /bin/sh;
			shellScript = "\"${PODS_ROOT}/Target Support Files/Pods-FoursquareClone/Pods-FoursquareClone-frameworks.sh\"\n";
			showEnvVarsInLog = 0;
		};
		562945CEC3356B84676CBA78 /* [CP] Check Pods Manifest.lock */ = {
			isa = PBXShellScriptBuildPhase;
			buildActionMask = 2147483647;
			files = (
			);
			inputFileListPaths = (
			);
			inputPaths = (
				"${PODS_PODFILE_DIR_PATH}/Podfile.lock",
				"${PODS_ROOT}/Manifest.lock",
			);
			name = "[CP] Check Pods Manifest.lock";
			outputFileListPaths = (
			);
			outputPaths = (
				"$(DERIVED_FILE_DIR)/Pods-FoursquareClone-checkManifestLockResult.txt",
			);
			runOnlyForDeploymentPostprocessing = 0;
			shellPath = /bin/sh;
			shellScript = "diff \"${PODS_PODFILE_DIR_PATH}/Podfile.lock\" \"${PODS_ROOT}/Manifest.lock\" > /dev/null\nif [ $? != 0 ] ; then\n    # print error to STDERR\n    echo \"error: The sandbox is not in sync with the Podfile.lock. Run 'pod install' or update your CocoaPods installation.\" >&2\n    exit 1\nfi\n# This output is used by Xcode 'outputs' to avoid re-running this script phase.\necho \"SUCCESS\" > \"${SCRIPT_OUTPUT_FILE_0}\"\n";
			showEnvVarsInLog = 0;
		};
/* End PBXShellScriptBuildPhase section */

/* Begin PBXSourcesBuildPhase section */
		B8BC9BBE27BD317900D1FF2D /* Sources */ = {
			isa = PBXSourcesBuildPhase;
			buildActionMask = 2147483647;
			files = (
				B8BC9BCA27BD317900D1FF2D /* ViewController.swift in Sources */,
				B8DA875227C01446004C641A /* ListDetailsVC.swift in Sources */,
				B8BC9C0027BE305400D1FF2D /* MapViewController.swift in Sources */,
				B8BC9BC627BD317900D1FF2D /* AppDelegate.swift in Sources */,
				B8BC9BFC27BDB11F00D1FF2D /* ListViewController.swift in Sources */,
				B865303227BFF4AB00A51BCF /* PlaceModel.swift in Sources */,
				B8BC9BC827BD317900D1FF2D /* SceneDelegate.swift in Sources */,
				B8BC9BFE27BE2FD500D1FF2D /* AddPlaceViewController.swift in Sources */,
			);
			runOnlyForDeploymentPostprocessing = 0;
		};
/* End PBXSourcesBuildPhase section */

/* Begin PBXVariantGroup section */
		B8BC9BCB27BD317900D1FF2D /* Main.storyboard */ = {
			isa = PBXVariantGroup;
			children = (
				B8BC9BCC27BD317900D1FF2D /* Base */,
			);
			name = Main.storyboard;
			sourceTree = "<group>";
		};
		B8BC9BD027BD317B00D1FF2D /* LaunchScreen.storyboard */ = {
			isa = PBXVariantGroup;
			children = (
				B8BC9BD127BD317B00D1FF2D /* Base */,
			);
			name = LaunchScreen.storyboard;
			sourceTree = "<group>";
		};
/* End PBXVariantGroup section */

/* Begin XCBuildConfiguration section */
		B8BC9BD427BD317B00D1FF2D /* Debug */ = {
			isa = XCBuildConfiguration;
			buildSettings = {
				ALWAYS_SEARCH_USER_PATHS = NO;
				CLANG_ANALYZER_NONNULL = YES;
				CLANG_ANALYZER_NUMBER_OBJECT_CONVERSION = YES_AGGRESSIVE;
				CLANG_CXX_LANGUAGE_STANDARD = "gnu++17";
				CLANG_CXX_LIBRARY = "libc++";
				CLANG_ENABLE_MODULES = YES;
				CLANG_ENABLE_OBJC_ARC = YES;
				CLANG_ENABLE_OBJC_WEAK = YES;
				CLANG_WARN_BLOCK_CAPTURE_AUTORELEASING = YES;
				CLANG_WARN_BOOL_CONVERSION = YES;
				CLANG_WARN_COMMA = YES;
				CLANG_WARN_CONSTANT_CONVERSION = YES;
				CLANG_WARN_DEPRECATED_OBJC_IMPLEMENTATIONS = YES;
				CLANG_WARN_DIRECT_OBJC_ISA_USAGE = YES_ERROR;
				CLANG_WARN_DOCUMENTATION_COMMENTS = YES;
				CLANG_WARN_EMPTY_BODY = YES;
				CLANG_WARN_ENUM_CONVERSION = YES;
				CLANG_WARN_INFINITE_RECURSION = YES;
				CLANG_WARN_INT_CONVERSION = YES;
				CLANG_WARN_NON_LITERAL_NULL_CONVERSION = YES;
				CLANG_WARN_OBJC_IMPLICIT_RETAIN_SELF = YES;
				CLANG_WARN_OBJC_LITERAL_CONVERSION = YES;
				CLANG_WARN_OBJC_ROOT_CLASS = YES_ERROR;
				CLANG_WARN_QUOTED_INCLUDE_IN_FRAMEWORK_HEADER = YES;
				CLANG_WARN_RANGE_LOOP_ANALYSIS = YES;
				CLANG_WARN_STRICT_PROTOTYPES = YES;
				CLANG_WARN_SUSPICIOUS_MOVE = YES;
				CLANG_WARN_UNGUARDED_AVAILABILITY = YES_AGGRESSIVE;
				CLANG_WARN_UNREACHABLE_CODE = YES;
				CLANG_WARN__DUPLICATE_METHOD_MATCH = YES;
				COPY_PHASE_STRIP = NO;
				DEBUG_INFORMATION_FORMAT = dwarf;
				ENABLE_STRICT_OBJC_MSGSEND = YES;
				ENABLE_TESTABILITY = YES;
				GCC_C_LANGUAGE_STANDARD = gnu11;
				GCC_DYNAMIC_NO_PIC = NO;
				GCC_NO_COMMON_BLOCKS = YES;
				GCC_OPTIMIZATION_LEVEL = 0;
				GCC_PREPROCESSOR_DEFINITIONS = (
					"DEBUG=1",
					"$(inherited)",
				);
				GCC_WARN_64_TO_32_BIT_CONVERSION = YES;
				GCC_WARN_ABOUT_RETURN_TYPE = YES_ERROR;
				GCC_WARN_UNDECLARED_SELECTOR = YES;
				GCC_WARN_UNINITIALIZED_AUTOS = YES_AGGRESSIVE;
				GCC_WARN_UNUSED_FUNCTION = YES;
				GCC_WARN_UNUSED_VARIABLE = YES;
				IPHONEOS_DEPLOYMENT_TARGET = 15.2;
				MTL_ENABLE_DEBUG_INFO = INCLUDE_SOURCE;
				MTL_FAST_MATH = YES;
				ONLY_ACTIVE_ARCH = YES;
				SDKROOT = iphoneos;
				SWIFT_ACTIVE_COMPILATION_CONDITIONS = DEBUG;
				SWIFT_OPTIMIZATION_LEVEL = "-Onone";
			};
			name = Debug;
		};
		B8BC9BD527BD317B00D1FF2D /* Release */ = {
			isa = XCBuildConfiguration;
			buildSettings = {
				ALWAYS_SEARCH_USER_PATHS = NO;
				CLANG_ANALYZER_NONNULL = YES;
				CLANG_ANALYZER_NUMBER_OBJECT_CONVERSION = YES_AGGRESSIVE;
				CLANG_CXX_LANGUAGE_STANDARD = "gnu++17";
				CLANG_CXX_LIBRARY = "libc++";
				CLANG_ENABLE_MODULES = YES;
				CLANG_ENABLE_OBJC_ARC = YES;
				CLANG_ENABLE_OBJC_WEAK = YES;
				CLANG_WARN_BLOCK_CAPTURE_AUTORELEASING = YES;
				CLANG_WARN_BOOL_CONVERSION = YES;
				CLANG_WARN_COMMA = YES;
				CLANG_WARN_CONSTANT_CONVERSION = YES;
				CLANG_WARN_DEPRECATED_OBJC_IMPLEMENTATIONS = YES;
				CLANG_WARN_DIRECT_OBJC_ISA_USAGE = YES_ERROR;
				CLANG_WARN_DOCUMENTATION_COMMENTS = YES;
				CLANG_WARN_EMPTY_BODY = YES;
				CLANG_WARN_ENUM_CONVERSION = YES;
				CLANG_WARN_INFINITE_RECURSION = YES;
				CLANG_WARN_INT_CONVERSION = YES;
				CLANG_WARN_NON_LITERAL_NULL_CONVERSION = YES;
				CLANG_WARN_OBJC_IMPLICIT_RETAIN_SELF = YES;
				CLANG_WARN_OBJC_LITERAL_CONVERSION = YES;
				CLANG_WARN_OBJC_ROOT_CLASS = YES_ERROR;
				CLANG_WARN_QUOTED_INCLUDE_IN_FRAMEWORK_HEADER = YES;
				CLANG_WARN_RANGE_LOOP_ANALYSIS = YES;
				CLANG_WARN_STRICT_PROTOTYPES = YES;
				CLANG_WARN_SUSPICIOUS_MOVE = YES;
				CLANG_WARN_UNGUARDED_AVAILABILITY = YES_AGGRESSIVE;
				CLANG_WARN_UNREACHABLE_CODE = YES;
				CLANG_WARN__DUPLICATE_METHOD_MATCH = YES;
				COPY_PHASE_STRIP = NO;
				DEBUG_INFORMATION_FORMAT = "dwarf-with-dsym";
				ENABLE_NS_ASSERTIONS = NO;
				ENABLE_STRICT_OBJC_MSGSEND = YES;
				GCC_C_LANGUAGE_STANDARD = gnu11;
				GCC_NO_COMMON_BLOCKS = YES;
				GCC_WARN_64_TO_32_BIT_CONVERSION = YES;
				GCC_WARN_ABOUT_RETURN_TYPE = YES_ERROR;
				GCC_WARN_UNDECLARED_SELECTOR = YES;
				GCC_WARN_UNINITIALIZED_AUTOS = YES_AGGRESSIVE;
				GCC_WARN_UNUSED_FUNCTION = YES;
				GCC_WARN_UNUSED_VARIABLE = YES;
				IPHONEOS_DEPLOYMENT_TARGET = 15.2;
				MTL_ENABLE_DEBUG_INFO = NO;
				MTL_FAST_MATH = YES;
				SDKROOT = iphoneos;
				SWIFT_COMPILATION_MODE = wholemodule;
				SWIFT_OPTIMIZATION_LEVEL = "-O";
				VALIDATE_PRODUCT = YES;
			};
			name = Release;
		};
		B8BC9BD727BD317B00D1FF2D /* Debug */ = {
			isa = XCBuildConfiguration;
			baseConfigurationReference = 8DC3C5A672CCD7D967E0FF9C /* Pods-FoursquareClone.debug.xcconfig */;
			buildSettings = {
				ASSETCATALOG_COMPILER_APPICON_NAME = AppIcon;
				ASSETCATALOG_COMPILER_GLOBAL_ACCENT_COLOR_NAME = AccentColor;
				CODE_SIGN_STYLE = Automatic;
				CURRENT_PROJECT_VERSION = 1;
				DEVELOPMENT_TEAM = U243U99T75;
				GENERATE_INFOPLIST_FILE = YES;
				INFOPLIST_FILE = FoursquareClone/Info.plist;
				INFOPLIST_KEY_UIApplicationSupportsIndirectInputEvents = YES;
				INFOPLIST_KEY_UILaunchStoryboardName = LaunchScreen;
				INFOPLIST_KEY_UIMainStoryboardFile = Main;
				INFOPLIST_KEY_UISupportedInterfaceOrientations_iPad = "UIInterfaceOrientationPortrait UIInterfaceOrientationPortraitUpsideDown UIInterfaceOrientationLandscapeLeft UIInterfaceOrientationLandscapeRight";
				INFOPLIST_KEY_UISupportedInterfaceOrientations_iPhone = "UIInterfaceOrientationPortrait UIInterfaceOrientationLandscapeLeft UIInterfaceOrientationLandscapeRight";
				LD_RUNPATH_SEARCH_PATHS = (
					"$(inherited)",
					"@executable_path/Frameworks",
				);
				MARKETING_VERSION = 1.0;
				PRODUCT_BUNDLE_IDENTIFIER = com.nihatismayilov.FoursquareClone;
				PRODUCT_NAME = "$(TARGET_NAME)";
				SWIFT_EMIT_LOC_STRINGS = YES;
				SWIFT_VERSION = 5.0;
				TARGETED_DEVICE_FAMILY = "1,2";
			};
			name = Debug;
		};
		B8BC9BD827BD317B00D1FF2D /* Release */ = {
			isa = XCBuildConfiguration;
			baseConfigurationReference = C73B0F3CB64681A1B0D5A433 /* Pods-FoursquareClone.release.xcconfig */;
			buildSettings = {
				ASSETCATALOG_COMPILER_APPICON_NAME = AppIcon;
				ASSETCATALOG_COMPILER_GLOBAL_ACCENT_COLOR_NAME = AccentColor;
				CODE_SIGN_STYLE = Automatic;
				CURRENT_PROJECT_VERSION = 1;
				DEVELOPMENT_TEAM = U243U99T75;
				GENERATE_INFOPLIST_FILE = YES;
				INFOPLIST_FILE = FoursquareClone/Info.plist;
				INFOPLIST_KEY_UIApplicationSupportsIndirectInputEvents = YES;
				INFOPLIST_KEY_UILaunchStoryboardName = LaunchScreen;
				INFOPLIST_KEY_UIMainStoryboardFile = Main;
				INFOPLIST_KEY_UISupportedInterfaceOrientations_iPad = "UIInterfaceOrientationPortrait UIInterfaceOrientationPortraitUpsideDown UIInterfaceOrientationLandscapeLeft UIInterfaceOrientationLandscapeRight";
				INFOPLIST_KEY_UISupportedInterfaceOrientations_iPhone = "UIInterfaceOrientationPortrait UIInterfaceOrientationLandscapeLeft UIInterfaceOrientationLandscapeRight";
				LD_RUNPATH_SEARCH_PATHS = (
					"$(inherited)",
					"@executable_path/Frameworks",
				);
				MARKETING_VERSION = 1.0;
				PRODUCT_BUNDLE_IDENTIFIER = com.nihatismayilov.FoursquareClone;
				PRODUCT_NAME = "$(TARGET_NAME)";
				SWIFT_EMIT_LOC_STRINGS = YES;
				SWIFT_VERSION = 5.0;
				TARGETED_DEVICE_FAMILY = "1,2";
			};
			name = Release;
		};
/* End XCBuildConfiguration section */

/* Begin XCConfigurationList section */
		B8BC9BBD27BD317900D1FF2D /* Build configuration list for PBXProject "FoursquareClone" */ = {
			isa = XCConfigurationList;
			buildConfigurations = (
				B8BC9BD427BD317B00D1FF2D /* Debug */,
				B8BC9BD527BD317B00D1FF2D /* Release */,
			);
			defaultConfigurationIsVisible = 0;
			defaultConfigurationName = Release;
		};
		B8BC9BD627BD317B00D1FF2D /* Build configuration list for PBXNativeTarget "FoursquareClone" */ = {
			isa = XCConfigurationList;
			buildConfigurations = (
				B8BC9BD727BD317B00D1FF2D /* Debug */,
				B8BC9BD827BD317B00D1FF2D /* Release */,
			);
			defaultConfigurationIsVisible = 0;
			defaultConfigurationName = Release;
		};
/* End XCConfigurationList section */
	};
	rootObject = B8BC9BBA27BD317900D1FF2D /* Project object */;
}
